
Microsoft Visual Studio Solution File, Format Version 12.00
# Visual Studio Version 16
VisualStudioVersion = 16.0.29201.188
MinimumVisualStudioVersion = 10.0.40219.1
Project("{FAE04EC0-301F-11D3-BF4B-00C04F79EFBC}") = "Div.Model", "Div.Model\Div.Model.csproj", "{348427A6-91BE-4463-AAEE-724743C83C8C}"
EndProject
Project("{FAE04EC0-301F-11D3-BF4B-00C04F79EFBC}") = "divx.Migrations.Startup", "divx.Migrations.Startup\divx.Migrations.Startup.csproj", "{F1FC9825-0F60-45E1-B113-A209DCB19966}"
EndProject
Project("{FAE04EC0-301F-11D3-BF4B-00C04F79EFBC}") = "Direxor", "Direxor\Direxor.csproj", "{8143A121-9762-44EB-925A-0762080301B8}"
EndProject
Global
	GlobalSection(SolutionConfigurationPlatforms) = preSolution
		Debug|Any CPU = Debug|Any CPU
		Debug|ARM = Debug|ARM
		Debug|ARM64 = Debug|ARM64
		Debug|x64 = Debug|x64
		Debug|x86 = Debug|x86
		Release|Any CPU = Release|Any CPU
		Release|ARM = Release|ARM
		Release|ARM64 = Release|ARM64
		Release|x64 = Release|x64
		Release|x86 = Release|x86
	EndGlobalSection
	GlobalSection(ProjectConfigurationPlatforms) = postSolution
		{348427A6-91BE-4463-AAEE-724743C83C8C}.Debug|Any CPU.ActiveCfg = Debug|Any CPU
		{348427A6-91BE-4463-AAEE-724743C83C8C}.Debug|Any CPU.Build.0 = Debug|Any CPU
		{348427A6-91BE-4463-AAEE-724743C83C8C}.Debug|ARM.ActiveCfg = Debug|Any CPU
		{348427A6-91BE-4463-AAEE-724743C83C8C}.Debug|ARM.Build.0 = Debug|Any CPU
		{348427A6-91BE-4463-AAEE-724743C83C8C}.Debug|ARM64.ActiveCfg = Debug|Any CPU
		{348427A6-91BE-4463-AAEE-724743C83C8C}.Debug|ARM64.Build.0 = Debug|Any CPU
		{348427A6-91BE-4463-AAEE-724743C83C8C}.Debug|x64.ActiveCfg = Debug|Any CPU
		{348427A6-91BE-4463-AAEE-724743C83C8C}.Debug|x64.Build.0 = Debug|Any CPU
		{348427A6-91BE-4463-AAEE-724743C83C8C}.Debug|x86.ActiveCfg = Debug|Any CPU
		{348427A6-91BE-4463-AAEE-724743C83C8C}.Debug|x86.Build.0 = Debug|Any CPU
		{348427A6-91BE-4463-AAEE-724743C83C8C}.Release|Any CPU.ActiveCfg = Release|Any CPU
		{348427A6-91BE-4463-AAEE-724743C83C8C}.Release|Any CPU.Build.0 = Release|Any CPU
		{348427A6-91BE-4463-AAEE-724743C83C8C}.Release|ARM.ActiveCfg = Release|Any CPU
		{348427A6-91BE-4463-AAEE-724743C83C8C}.Release|ARM.Build.0 = Release|Any CPU
		{348427A6-91BE-4463-AAEE-724743C83C8C}.Release|ARM64.ActiveCfg = Release|Any CPU
		{348427A6-91BE-4463-AAEE-724743C83C8C}.Release|ARM64.Build.0 = Release|Any CPU
		{348427A6-91BE-4463-AAEE-724743C83C8C}.Release|x64.ActiveCfg = Release|Any CPU
		{348427A6-91BE-4463-AAEE-724743C83C8C}.Release|x64.Build.0 = Release|Any CPU
		{348427A6-91BE-4463-AAEE-724743C83C8C}.Release|x86.ActiveCfg = Release|Any CPU
		{348427A6-91BE-4463-AAEE-724743C83C8C}.Release|x86.Build.0 = Release|Any CPU
		{F1FC9825-0F60-45E1-B113-A209DCB19966}.Debug|Any CPU.ActiveCfg = Debug|Any CPU
		{F1FC9825-0F60-45E1-B113-A209DCB19966}.Debug|Any CPU.Build.0 = Debug|Any CPU
		{F1FC9825-0F60-45E1-B113-A209DCB19966}.Debug|ARM.ActiveCfg = Debug|Any CPU
		{F1FC9825-0F60-45E1-B113-A209DCB19966}.Debug|ARM.Build.0 = Debug|Any CPU
		{F1FC9825-0F60-45E1-B113-A209DCB19966}.Debug|ARM64.ActiveCfg = Debug|Any CPU
		{F1FC9825-0F60-45E1-B113-A209DCB19966}.Debug|ARM64.Build.0 = Debug|Any CPU
		{F1FC9825-0F60-45E1-B113-A209DCB19966}.Debug|x64.ActiveCfg = Debug|Any CPU
		{F1FC9825-0F60-45E1-B113-A209DCB19966}.Debug|x64.Build.0 = Debug|Any CPU
		{F1FC9825-0F60-45E1-B113-A209DCB19966}.Debug|x86.ActiveCfg = Debug|Any CPU
		{F1FC9825-0F60-45E1-B113-A209DCB19966}.Debug|x86.Build.0 = Debug|Any CPU
		{F1FC9825-0F60-45E1-B113-A209DCB19966}.Release|Any CPU.ActiveCfg = Release|Any CPU
		{F1FC9825-0F60-45E1-B113-A209DCB19966}.Release|Any CPU.Build.0 = Release|Any CPU
		{F1FC9825-0F60-45E1-B113-A209DCB19966}.Release|ARM.ActiveCfg = Release|Any CPU
		{F1FC9825-0F60-45E1-B113-A209DCB19966}.Release|ARM.Build.0 = Release|Any CPU
		{F1FC9825-0F60-45E1-B113-A209DCB19966}.Release|ARM64.ActiveCfg = Release|Any CPU
		{F1FC9825-0F60-45E1-B113-A209DCB19966}.Release|ARM64.Build.0 = Release|Any CPU
		{F1FC9825-0F60-45E1-B113-A209DCB19966}.Release|x64.ActiveCfg = Release|Any CPU
		{F1FC9825-0F60-45E1-B113-A209DCB19966}.Release|x64.Build.0 = Release|Any CPU
		{F1FC9825-0F60-45E1-B113-A209DCB19966}.Release|x86.ActiveCfg = Release|Any CPU
		{F1FC9825-0F60-45E1-B113-A209DCB19966}.Release|x86.Build.0 = Release|Any CPU
		{8143A121-9762-44EB-925A-0762080301B8}.Debug|Any CPU.ActiveCfg = Debug|x86
		{8143A121-9762-44EB-925A-0762080301B8}.Debug|ARM.ActiveCfg = Debug|ARM
		{8143A121-9762-44EB-925A-0762080301B8}.Debug|ARM.Build.0 = Debug|ARM
		{8143A121-9762-44EB-925A-0762080301B8}.Debug|ARM.Deploy.0 = Debug|ARM
		{8143A121-9762-44EB-925A-0762080301B8}.Debug|ARM64.ActiveCfg = Debug|ARM64
		{8143A121-9762-44EB-925A-0762080301B8}.Debug|ARM64.Build.0 = Debug|ARM64
		{8143A121-9762-44EB-925A-0762080301B8}.Debug|ARM64.Deploy.0 = Debug|ARM64
		{8143A121-9762-44EB-925A-0762080301B8}.Debug|x64.ActiveCfg = Debug|x64
		{8143A121-9762-44EB-925A-0762080301B8}.Debug|x64.Build.0 = Debug|x64
		{8143A121-9762-44EB-925A-0762080301B8}.Debug|x64.Deploy.0 = Debug|x64
		{8143A121-9762-44EB-925A-0762080301B8}.Debug|x86.ActiveCfg = Debug|x86
		{8143A121-9762-44EB-925A-0762080301B8}.Debug|x86.Build.0 = Debug|x86
		{8143A121-9762-44EB-925A-0762080301B8}.Debug|x86.Deploy.0 = Debug|x86
		{8143A121-9762-44EB-925A-0762080301B8}.Release|Any CPU.ActiveCfg = Release|x86
		{8143A121-9762-44EB-925A-0762080301B8}.Release|ARM.ActiveCfg = Release|ARM
		{8143A121-9762-44EB-925A-0762080301B8}.Release|ARM.Build.0 = Release|ARM
		{8143A121-9762-44EB-925A-0762080301B8}.Release|ARM.Deploy.0 = Release|ARM
		{8143A121-9762-44EB-925A-0762080301B8}.Release|ARM64.ActiveCfg = Release|ARM64
		{8143A121-9762-44EB-925A-0762080301B8}.Release|ARM64.Build.0 = Release|ARM64
		{8143A121-9762-44EB-925A-0762080301B8}.Release|ARM64.Deploy.0 = Release|ARM64
		{8143A121-9762-44EB-925A-0762080301B8}.Release|x64.ActiveCfg = Release|x64
		{8143A121-9762-44EB-925A-0762080301B8}.Release|x64.Build.0 = Release|x64
		{8143A121-9762-44EB-925A-0762080301B8}.Release|x64.Deploy.0 = Release|x64
		{8143A121-9762-44EB-925A-0762080301B8}.Release|x86.ActiveCfg = Release|x86
		{8143A121-9762-44EB-925A-0762080301B8}.Release|x86.Build.0 = Release|x86
		{8143A121-9762-44EB-925A-0762080301B8}.Release|x86.Deploy.0 = Release|x86
	EndGlobalSection
	GlobalSection(SolutionProperties) = preSolution
		HideSolutionNode = FALSE
	EndGlobalSection
	GlobalSection(ExtensibilityGlobals) = postSolution
		SolutionGuid = {1D734C93-CA1E-4840-B90E-BADC3898B65A}
	EndGlobalSection
EndGlobal
